
Microsoft Visual Studio Solution File, Format Version 12.00
# Visual Studio 15
VisualStudioVersion = 15.0.27004.2002
MinimumVisualStudioVersion = 10.0.40219.1
Project("{FAE04EC0-301F-11D3-BF4B-00C04F79EFBC}") = "SimpleCalculator", "SimpleCalculator\SimpleCalculator.csproj", "{14AF97E3-37AD-48B6-8C9D-69B628D6F1D3}"
EndProject
Project("{FAE04EC0-301F-11D3-BF4B-00C04F79EFBC}") = "SimpleCalculator.Tests", "SimpleCalculator.Tests\SimpleCalculator.Tests.csproj", "{1FEA87C8-706E-4B7E-9122-6C98E58267F7}"
EndProject
Project("{FAE04EC0-301F-11D3-BF4B-00C04F79EFBC}") = "WebApplication1", "WebApplication1\WebApplication1.csproj", "{DF1E3843-D2EC-48D7-A240-2727E4F88C7A}"
EndProject
Global
	GlobalSection(SolutionConfigurationPlatforms) = preSolution
		Debug|Any CPU = Debug|Any CPU
		Release|Any CPU = Release|Any CPU
	EndGlobalSection
	GlobalSection(ProjectConfigurationPlatforms) = postSolution
		{14AF97E3-37AD-48B6-8C9D-69B628D6F1D3}.Debug|Any CPU.ActiveCfg = Debug|Any CPU
		{14AF97E3-37AD-48B6-8C9D-69B628D6F1D3}.Debug|Any CPU.Build.0 = Debug|Any CPU
		{14AF97E3-37AD-48B6-8C9D-69B628D6F1D3}.Release|Any CPU.ActiveCfg = Release|Any CPU
		{14AF97E3-37AD-48B6-8C9D-69B628D6F1D3}.Release|Any CPU.Build.0 = Release|Any CPU
		{1FEA87C8-706E-4B7E-9122-6C98E58267F7}.Debug|Any CPU.ActiveCfg = Debug|Any CPU
		{1FEA87C8-706E-4B7E-9122-6C98E58267F7}.Debug|Any CPU.Build.0 = Debug|Any CPU
		{1FEA87C8-706E-4B7E-9122-6C98E58267F7}.Release|Any CPU.ActiveCfg = Release|Any CPU
		{1FEA87C8-706E-4B7E-9122-6C98E58267F7}.Release|Any CPU.Build.0 = Release|Any CPU
		{DF1E3843-D2EC-48D7-A240-2727E4F88C7A}.Debug|Any CPU.ActiveCfg = Debug|Any CPU
		{DF1E3843-D2EC-48D7-A240-2727E4F88C7A}.Debug|Any CPU.Build.0 = Debug|Any CPU
		{DF1E3843-D2EC-48D7-A240-2727E4F88C7A}.Release|Any CPU.ActiveCfg = Release|Any CPU
		{DF1E3843-D2EC-48D7-A240-2727E4F88C7A}.Release|Any CPU.Build.0 = Release|Any CPU
	EndGlobalSection
	GlobalSection(SolutionProperties) = preSolution
		HideSolutionNode = FALSE
	EndGlobalSection
	GlobalSection(ExtensibilityGlobals) = postSolution
		SolutionGuid = {E46DD188-3336-43A8-B390-79D79A5D81A9}
	EndGlobalSection
EndGlobal
